
Microsoft Visual Studio Solution File, Format Version 12.00
# Visual Studio Version 17
VisualStudioVersion = 17.0.31903.59
MinimumVisualStudioVersion = 10.0.40219.1
Project("{FAE04EC0-301F-11D3-BF4B-00C04F79EFBC}") = "ProductsService", "ProductsService\ProductsService.csproj", "{0B36D460-E4B1-419D-A4BC-328109FB0EAD}"
EndProject
Project("{FAE04EC0-301F-11D3-BF4B-00C04F79EFBC}") = "ReviewsService", "ReviewsService\ReviewsService.csproj", "{5F964606-C6EC-400F-9582-1ABB1D615D12}"
EndProject
Project("{FAE04EC0-301F-11D3-BF4B-00C04F79EFBC}") = "ShippingService", "ShippingService\ShippingService.csproj", "{E681C0E6-00C1-4C1F-9EED-32D3BAA4F469}"
EndProject
Project("{FAE04EC0-301F-11D3-BF4B-00C04F79EFBC}") = "Gateway", "Gateway\Gateway.csproj", "{6F93D1D1-B9D2-47A9-8AC9-B3F74F4E80FB}"
EndProject
Project("{FAE04EC0-301F-11D3-BF4B-00C04F79EFBC}") = "Shared", "Shared\Shared.csproj", "{83C753D3-1D2D-46AE-8CBF-CA9FC78C05CD}"
EndProject
Project("{FAE04EC0-301F-11D3-BF4B-00C04F79EFBC}") = "BackOfficeService", "BackOfficeService\BackOfficeService.csproj", "{7E03EE6E-D6DC-4442-BBE0-752E35FF8579}"
EndProject
Project("{FAE04EC0-301F-11D3-BF4B-00C04F79EFBC}") = "OrdersService", "OrdersService\OrdersService.csproj", "{8E091EF6-6473-452A-9060-1DBABEDAC515}"
EndProject
Project("{FAE04EC0-301F-11D3-BF4B-00C04F79EFBC}") = "Common", "Common\Common.csproj", "{EC1964B5-B1F6-4179-8733-BB1A8042641E}"
EndProject
Global
	GlobalSection(SolutionConfigurationPlatforms) = preSolution
		Debug|Any CPU = Debug|Any CPU
		Debug|x64 = Debug|x64
		Debug|x86 = Debug|x86
		Release|Any CPU = Release|Any CPU
		Release|x64 = Release|x64
		Release|x86 = Release|x86
	EndGlobalSection
	GlobalSection(ProjectConfigurationPlatforms) = postSolution
		{0B36D460-E4B1-419D-A4BC-328109FB0EAD}.Debug|Any CPU.ActiveCfg = Debug|Any CPU
		{0B36D460-E4B1-419D-A4BC-328109FB0EAD}.Debug|Any CPU.Build.0 = Debug|Any CPU
		{0B36D460-E4B1-419D-A4BC-328109FB0EAD}.Debug|x64.ActiveCfg = Debug|Any CPU
		{0B36D460-E4B1-419D-A4BC-328109FB0EAD}.Debug|x64.Build.0 = Debug|Any CPU
		{0B36D460-E4B1-419D-A4BC-328109FB0EAD}.Debug|x86.ActiveCfg = Debug|Any CPU
		{0B36D460-E4B1-419D-A4BC-328109FB0EAD}.Debug|x86.Build.0 = Debug|Any CPU
		{0B36D460-E4B1-419D-A4BC-328109FB0EAD}.Release|Any CPU.ActiveCfg = Release|Any CPU
		{0B36D460-E4B1-419D-A4BC-328109FB0EAD}.Release|Any CPU.Build.0 = Release|Any CPU
		{0B36D460-E4B1-419D-A4BC-328109FB0EAD}.Release|x64.ActiveCfg = Release|Any CPU
		{0B36D460-E4B1-419D-A4BC-328109FB0EAD}.Release|x64.Build.0 = Release|Any CPU
		{0B36D460-E4B1-419D-A4BC-328109FB0EAD}.Release|x86.ActiveCfg = Release|Any CPU
		{0B36D460-E4B1-419D-A4BC-328109FB0EAD}.Release|x86.Build.0 = Release|Any CPU
		{5F964606-C6EC-400F-9582-1ABB1D615D12}.Debug|Any CPU.ActiveCfg = Debug|Any CPU
		{5F964606-C6EC-400F-9582-1ABB1D615D12}.Debug|Any CPU.Build.0 = Debug|Any CPU
		{5F964606-C6EC-400F-9582-1ABB1D615D12}.Debug|x64.ActiveCfg = Debug|Any CPU
		{5F964606-C6EC-400F-9582-1ABB1D615D12}.Debug|x64.Build.0 = Debug|Any CPU
		{5F964606-C6EC-400F-9582-1ABB1D615D12}.Debug|x86.ActiveCfg = Debug|Any CPU
		{5F964606-C6EC-400F-9582-1ABB1D615D12}.Debug|x86.Build.0 = Debug|Any CPU
		{5F964606-C6EC-400F-9582-1ABB1D615D12}.Release|Any CPU.ActiveCfg = Release|Any CPU
		{5F964606-C6EC-400F-9582-1ABB1D615D12}.Release|Any CPU.Build.0 = Release|Any CPU
		{5F964606-C6EC-400F-9582-1ABB1D615D12}.Release|x64.ActiveCfg = Release|Any CPU
		{5F964606-C6EC-400F-9582-1ABB1D615D12}.Release|x64.Build.0 = Release|Any CPU
		{5F964606-C6EC-400F-9582-1ABB1D615D12}.Release|x86.ActiveCfg = Release|Any CPU
		{5F964606-C6EC-400F-9582-1ABB1D615D12}.Release|x86.Build.0 = Release|Any CPU
		{E681C0E6-00C1-4C1F-9EED-32D3BAA4F469}.Debug|Any CPU.ActiveCfg = Debug|Any CPU
		{E681C0E6-00C1-4C1F-9EED-32D3BAA4F469}.Debug|Any CPU.Build.0 = Debug|Any CPU
		{E681C0E6-00C1-4C1F-9EED-32D3BAA4F469}.Debug|x64.ActiveCfg = Debug|Any CPU
		{E681C0E6-00C1-4C1F-9EED-32D3BAA4F469}.Debug|x64.Build.0 = Debug|Any CPU
		{E681C0E6-00C1-4C1F-9EED-32D3BAA4F469}.Debug|x86.ActiveCfg = Debug|Any CPU
		{E681C0E6-00C1-4C1F-9EED-32D3BAA4F469}.Debug|x86.Build.0 = Debug|Any CPU
		{E681C0E6-00C1-4C1F-9EED-32D3BAA4F469}.Release|Any CPU.ActiveCfg = Release|Any CPU
		{E681C0E6-00C1-4C1F-9EED-32D3BAA4F469}.Release|Any CPU.Build.0 = Release|Any CPU
		{E681C0E6-00C1-4C1F-9EED-32D3BAA4F469}.Release|x64.ActiveCfg = Release|Any CPU
		{E681C0E6-00C1-4C1F-9EED-32D3BAA4F469}.Release|x64.Build.0 = Release|Any CPU
		{E681C0E6-00C1-4C1F-9EED-32D3BAA4F469}.Release|x86.ActiveCfg = Release|Any CPU
		{E681C0E6-00C1-4C1F-9EED-32D3BAA4F469}.Release|x86.Build.0 = Release|Any CPU
		{6F93D1D1-B9D2-47A9-8AC9-B3F74F4E80FB}.Debug|Any CPU.ActiveCfg = Debug|Any CPU
		{6F93D1D1-B9D2-47A9-8AC9-B3F74F4E80FB}.Debug|Any CPU.Build.0 = Debug|Any CPU
		{6F93D1D1-B9D2-47A9-8AC9-B3F74F4E80FB}.Debug|x64.ActiveCfg = Debug|Any CPU
		{6F93D1D1-B9D2-47A9-8AC9-B3F74F4E80FB}.Debug|x64.Build.0 = Debug|Any CPU
		{6F93D1D1-B9D2-47A9-8AC9-B3F74F4E80FB}.Debug|x86.ActiveCfg = Debug|Any CPU
		{6F93D1D1-B9D2-47A9-8AC9-B3F74F4E80FB}.Debug|x86.Build.0 = Debug|Any CPU
		{6F93D1D1-B9D2-47A9-8AC9-B3F74F4E80FB}.Release|Any CPU.ActiveCfg = Release|Any CPU
		{6F93D1D1-B9D2-47A9-8AC9-B3F74F4E80FB}.Release|Any CPU.Build.0 = Release|Any CPU
		{6F93D1D1-B9D2-47A9-8AC9-B3F74F4E80FB}.Release|x64.ActiveCfg = Release|Any CPU
		{6F93D1D1-B9D2-47A9-8AC9-B3F74F4E80FB}.Release|x64.Build.0 = Release|Any CPU
		{6F93D1D1-B9D2-47A9-8AC9-B3F74F4E80FB}.Release|x86.ActiveCfg = Release|Any CPU
		{6F93D1D1-B9D2-47A9-8AC9-B3F74F4E80FB}.Release|x86.Build.0 = Release|Any CPU
		{83C753D3-1D2D-46AE-8CBF-CA9FC78C05CD}.Debug|Any CPU.ActiveCfg = Debug|Any CPU
		{83C753D3-1D2D-46AE-8CBF-CA9FC78C05CD}.Debug|Any CPU.Build.0 = Debug|Any CPU
		{83C753D3-1D2D-46AE-8CBF-CA9FC78C05CD}.Debug|x64.ActiveCfg = Debug|Any CPU
		{83C753D3-1D2D-46AE-8CBF-CA9FC78C05CD}.Debug|x64.Build.0 = Debug|Any CPU
		{83C753D3-1D2D-46AE-8CBF-CA9FC78C05CD}.Debug|x86.ActiveCfg = Debug|Any CPU
		{83C753D3-1D2D-46AE-8CBF-CA9FC78C05CD}.Debug|x86.Build.0 = Debug|Any CPU
		{83C753D3-1D2D-46AE-8CBF-CA9FC78C05CD}.Release|Any CPU.ActiveCfg = Release|Any CPU
		{83C753D3-1D2D-46AE-8CBF-CA9FC78C05CD}.Release|Any CPU.Build.0 = Release|Any CPU
		{83C753D3-1D2D-46AE-8CBF-CA9FC78C05CD}.Release|x64.ActiveCfg = Release|Any CPU
		{83C753D3-1D2D-46AE-8CBF-CA9FC78C05CD}.Release|x64.Build.0 = Release|Any CPU
		{83C753D3-1D2D-46AE-8CBF-CA9FC78C05CD}.Release|x86.ActiveCfg = Release|Any CPU
		{83C753D3-1D2D-46AE-8CBF-CA9FC78C05CD}.Release|x86.Build.0 = Release|Any CPU
		{7E03EE6E-D6DC-4442-BBE0-752E35FF8579}.Debug|Any CPU.ActiveCfg = Debug|Any CPU
		{7E03EE6E-D6DC-4442-BBE0-752E35FF8579}.Debug|Any CPU.Build.0 = Debug|Any CPU
		{7E03EE6E-D6DC-4442-BBE0-752E35FF8579}.Debug|x64.ActiveCfg = Debug|Any CPU
		{7E03EE6E-D6DC-4442-BBE0-752E35FF8579}.Debug|x64.Build.0 = Debug|Any CPU
		{7E03EE6E-D6DC-4442-BBE0-752E35FF8579}.Debug|x86.ActiveCfg = Debug|Any CPU
		{7E03EE6E-D6DC-4442-BBE0-752E35FF8579}.Debug|x86.Build.0 = Debug|Any CPU
		{7E03EE6E-D6DC-4442-BBE0-752E35FF8579}.Release|Any CPU.ActiveCfg = Release|Any CPU
		{7E03EE6E-D6DC-4442-BBE0-752E35FF8579}.Release|Any CPU.Build.0 = Release|Any CPU
		{7E03EE6E-D6DC-4442-BBE0-752E35FF8579}.Release|x64.ActiveCfg = Release|Any CPU
		{7E03EE6E-D6DC-4442-BBE0-752E35FF8579}.Release|x64.Build.0 = Release|Any CPU
		{7E03EE6E-D6DC-4442-BBE0-752E35FF8579}.Release|x86.ActiveCfg = Release|Any CPU
		{7E03EE6E-D6DC-4442-BBE0-752E35FF8579}.Release|x86.Build.0 = Release|Any CPU
		{8E091EF6-6473-452A-9060-1DBABEDAC515}.Debug|Any CPU.ActiveCfg = Debug|Any CPU
		{8E091EF6-6473-452A-9060-1DBABEDAC515}.Debug|Any CPU.Build.0 = Debug|Any CPU
		{8E091EF6-6473-452A-9060-1DBABEDAC515}.Debug|x64.ActiveCfg = Debug|Any CPU
		{8E091EF6-6473-452A-9060-1DBABEDAC515}.Debug|x64.Build.0 = Debug|Any CPU
		{8E091EF6-6473-452A-9060-1DBABEDAC515}.Debug|x86.ActiveCfg = Debug|Any CPU
		{8E091EF6-6473-452A-9060-1DBABEDAC515}.Debug|x86.Build.0 = Debug|Any CPU
		{8E091EF6-6473-452A-9060-1DBABEDAC515}.Release|Any CPU.ActiveCfg = Release|Any CPU
		{8E091EF6-6473-452A-9060-1DBABEDAC515}.Release|Any CPU.Build.0 = Release|Any CPU
		{8E091EF6-6473-452A-9060-1DBABEDAC515}.Release|x64.ActiveCfg = Release|Any CPU
		{8E091EF6-6473-452A-9060-1DBABEDAC515}.Release|x64.Build.0 = Release|Any CPU
		{8E091EF6-6473-452A-9060-1DBABEDAC515}.Release|x86.ActiveCfg = Release|Any CPU
		{8E091EF6-6473-452A-9060-1DBABEDAC515}.Release|x86.Build.0 = Release|Any CPU
		{EC1964B5-B1F6-4179-8733-BB1A8042641E}.Debug|Any CPU.ActiveCfg = Debug|Any CPU
		{EC1964B5-B1F6-4179-8733-BB1A8042641E}.Debug|Any CPU.Build.0 = Debug|Any CPU
		{EC1964B5-B1F6-4179-8733-BB1A8042641E}.Debug|x64.ActiveCfg = Debug|Any CPU
		{EC1964B5-B1F6-4179-8733-BB1A8042641E}.Debug|x64.Build.0 = Debug|Any CPU
		{EC1964B5-B1F6-4179-8733-BB1A8042641E}.Debug|x86.ActiveCfg = Debug|Any CPU
		{EC1964B5-B1F6-4179-8733-BB1A8042641E}.Debug|x86.Build.0 = Debug|Any CPU
		{EC1964B5-B1F6-4179-8733-BB1A8042641E}.Release|Any CPU.ActiveCfg = Release|Any CPU
		{EC1964B5-B1F6-4179-8733-BB1A8042641E}.Release|Any CPU.Build.0 = Release|Any CPU
		{EC1964B5-B1F6-4179-8733-BB1A8042641E}.Release|x64.ActiveCfg = Release|Any CPU
		{EC1964B5-B1F6-4179-8733-BB1A8042641E}.Release|x64.Build.0 = Release|Any CPU
		{EC1964B5-B1F6-4179-8733-BB1A8042641E}.Release|x86.ActiveCfg = Release|Any CPU
		{EC1964B5-B1F6-4179-8733-BB1A8042641E}.Release|x86.Build.0 = Release|Any CPU
	EndGlobalSection
	GlobalSection(SolutionProperties) = preSolution
		HideSolutionNode = FALSE
	EndGlobalSection
EndGlobal
